
Microsoft Visual Studio Solution File, Format Version 12.00
# Visual Studio 2012
Project("{FAE04EC0-301F-11D3-BF4B-00C04F79EFBC}") = "UptredMobile.iOS", "UptredMobile.iOS.csproj", "{4F0B9A55-8C87-4AB5-ACBC-ABC74BEC4495}"
EndProject
Global
	GlobalSection(SolutionConfigurationPlatforms) = preSolution
		Debug|iPhoneSimulator = Debug|iPhoneSimulator
		Release|iPhone = Release|iPhone
		Release|iPhoneSimulator = Release|iPhoneSimulator
		Debug|iPhone = Debug|iPhone
	EndGlobalSection
	GlobalSection(ProjectConfigurationPlatforms) = postSolution
		{4F0B9A55-8C87-4AB5-ACBC-ABC74BEC4495}.Debug|iPhone.ActiveCfg = Debug|iPhone
		{4F0B9A55-8C87-4AB5-ACBC-ABC74BEC4495}.Debug|iPhone.Build.0 = Debug|iPhone
		{4F0B9A55-8C87-4AB5-ACBC-ABC74BEC4495}.Debug|iPhoneSimulator.ActiveCfg = Debug|iPhoneSimulator
		{4F0B9A55-8C87-4AB5-ACBC-ABC74BEC4495}.Debug|iPhoneSimulator.Build.0 = Debug|iPhoneSimulator
		{4F0B9A55-8C87-4AB5-ACBC-ABC74BEC4495}.Release|iPhone.ActiveCfg = Release|iPhone
		{4F0B9A55-8C87-4AB5-ACBC-ABC74BEC4495}.Release|iPhone.Build.0 = Release|iPhone
		{4F0B9A55-8C87-4AB5-ACBC-ABC74BEC4495}.Release|iPhoneSimulator.ActiveCfg = Release|iPhoneSimulator
		{4F0B9A55-8C87-4AB5-ACBC-ABC74BEC4495}.Release|iPhoneSimulator.Build.0 = Release|iPhoneSimulator
	EndGlobalSection
EndGlobal
